{
  "name": "finaltest",
  "lockfileVersion": 3,
  "requires": true,
  "packages": {
    "": {
      "dependencies": {
        "i18next": "^23.7.6",
        "i18next-browser-languagedetector": "^7.2.0",
        "i18next-xhr-backend": "^3.2.2",
        "jquery-i18next": "^1.2.1"
      }
    },
    "node_modules/@babel/runtime": {
      "version": "7.23.2",
      "resolved": "https://registry.npmmirror.com/@babel/runtime/-/runtime-7.23.2.tgz",
      "integrity": "sha512-mM8eg4yl5D6i3lu2QKPuPH4FArvJ8KhTofbE7jwMUv9KX5mBvwPAqnV3MlyBNqdp9RyRKP6Yck8TrfYrPvX3bg==",
      "dependencies": {
        "regenerator-runtime": "^0.14.0"
      },
      "engines": {
        "node": ">=6.9.0"
      }
    },
    "node_modules/i18next": {
      "version": "23.7.6",
      "resolved": "https://registry.npmmirror.com/i18next/-/i18next-23.7.6.tgz",
      "integrity": "sha512-O66BhXBw0fH4bEJMA0/klQKPEbcwAp5wjXEL803pdAynNbg2f4qhLIYlNHJyE7icrL6XmSZKPYaaXwy11kJ6YQ==",
      "dependencies": {
        "@babel/runtime": "^7.23.2"
      }
    },
    "node_modules/i18next-browser-languagedetector": {
      "version": "7.2.0",
      "resolved": "https://registry.npmmirror.com/i18next-browser-languagedetector/-/i18next-browser-languagedetector-7.2.0.tgz",
      "integrity": "sha512-U00DbDtFIYD3wkWsr2aVGfXGAj2TgnELzOX9qv8bT0aJtvPV9CRO77h+vgmHFBMe7LAxdwvT/7VkCWGya6L3tA==",
      "dependencies": {
        "@babel/runtime": "^7.23.2"
      }
    },
    "node_modules/i18next-xhr-backend": {
      "version": "3.2.2",
      "resolved": "https://registry.npmmirror.com/i18next-xhr-backend/-/i18next-xhr-backend-3.2.2.tgz",
      "integrity": "sha512-OtRf2Vo3IqAxsttQbpjYnmMML12IMB5e0fc5B7qKJFLScitYaXa1OhMX0n0X/3vrfFlpHL9Ro/H+ps4Ej2j7QQ==",
      "deprecated": "replaced by i18next-http-backend",
      "dependencies": {
        "@babel/runtime": "^7.5.5"
      }
    },
    "node_modules/jquery-i18next": {
      "version": "1.2.1",
      "resolved": "https://registry.npmmirror.com/jquery-i18next/-/jquery-i18next-1.2.1.tgz",
      "integrity": "sha512-UNcw3rgxoKjGEg4w23FEn2h3OlPJU7rPzsgDuXDBZktIzeiVbJohs9Cv9hj8oP8KNfBRKOoErL/OVxg2FaAR4g=="
    },
    "node_modules/regenerator-runtime": {
      "version": "0.14.0",
      "resolved": "https://registry.npmmirror.com/regenerator-runtime/-/regenerator-runtime-0.14.0.tgz",
      "integrity": "sha512-srw17NI0TUWHuGa5CFGGmhfNIeja30WMBfbslPNhf6JrqQlLN5gcrvig1oqPxiVaXb0oW0XRKtH6Nngs5lKCIA=="
    }
  }
}
