# THIS IS AN AUTOGENERATED FILE. DO NOT EDIT THIS FILE DIRECTLY.
# yarn lockfile v1


"@babel/runtime@^7.23.2":
  version "7.23.2"
  resolved "https://registry.yarnpkg.com/@babel/runtime/-/runtime-7.23.2.tgz#062b0ac103261d68a966c4c7baf2ae3e62ec3885"
  integrity sha512-mM8eg4yl5D6i3lu2QKPuPH4FArvJ8KhTofbE7jwMUv9KX5mBvwPAqnV3MlyBNqdp9RyRKP6Yck8TrfYrPvX3bg==
  dependencies:
    regenerator-runtime "^0.14.0"

cross-fetch@4.0.0:
  version "4.0.0"
  resolved "https://registry.yarnpkg.com/cross-fetch/-/cross-fetch-4.0.0.tgz#f037aef1580bb3a1a35164ea2a848ba81b445983"
  integrity sha512-e4a5N8lVvuLgAWgnCrLr2PP0YyDOTHa9H/Rj54dirp61qXnNq46m82bRhNqIA5VccJtWBvPTFRV3TtvHUKPB1g==
  dependencies:
    node-fetch "^2.6.12"

i18next-browser-languagedetector@^7.2.0:
  version "7.2.0"
  resolved "https://registry.yarnpkg.com/i18next-browser-languagedetector/-/i18next-browser-languagedetector-7.2.0.tgz#de0321cba6881be37d82e20e4d6f05aa75f6e37f"
  integrity sha512-U00DbDtFIYD3wkWsr2aVGfXGAj2TgnELzOX9qv8bT0aJtvPV9CRO77h+vgmHFBMe7LAxdwvT/7VkCWGya6L3tA==
  dependencies:
    "@babel/runtime" "^7.23.2"

i18next-http-backend@^2.4.1:
  version "2.4.1"
  resolved "https://registry.yarnpkg.com/i18next-http-backend/-/i18next-http-backend-2.4.1.tgz#b0cd4926ea71a689da22d2b55ea2bc37fde8909a"
  integrity sha512-CZHzFGDvF8zN7ya1W2lHbgLj2ejPUvPD836+vA3eNXc9eKGUM3MSF6SA2TKBXKBZ2cNG3nxzycCXeM6n/46KWQ==
  dependencies:
    cross-fetch "4.0.0"

i18next@^23.7.3:
  version "23.7.3"
  resolved "https://registry.yarnpkg.com/i18next/-/i18next-23.7.3.tgz#9e38498ddd1de54890c73bf57dd00d4f204af1d7"
  integrity sha512-XetHM9UCk5oeeIcE2hu6Os16mq/zPHi8v/janExQjbFtx4ndNg9ye5OyAz+f5aYums8A1WcnXa7QikaEjyELPg==
  dependencies:
    "@babel/runtime" "^7.23.2"

jquery-i18next@^1.2.1:
  version "1.2.1"
  resolved "https://registry.yarnpkg.com/jquery-i18next/-/jquery-i18next-1.2.1.tgz#3e4ac5e46632fac21640529f1aa7b68e54f227e8"
  integrity sha512-UNcw3rgxoKjGEg4w23FEn2h3OlPJU7rPzsgDuXDBZktIzeiVbJohs9Cv9hj8oP8KNfBRKOoErL/OVxg2FaAR4g==

jquery@^3.7.1:
  version "3.7.1"
  resolved "https://registry.yarnpkg.com/jquery/-/jquery-3.7.1.tgz#083ef98927c9a6a74d05a6af02806566d16274de"
  integrity sha512-m4avr8yL8kmFN8psrbFFFmB/If14iN5o9nw/NgnnM+kybDJpRsAynV2BsfpTYrTRysYUdADVD7CkUUizgkpLfg==

node-fetch@^2.6.12:
  version "2.7.0"
  resolved "https://registry.yarnpkg.com/node-fetch/-/node-fetch-2.7.0.tgz#d0f0fa6e3e2dc1d27efcd8ad99d550bda94d187d"
  integrity sha512-c4FRfUm/dbcWZ7U+1Wq0AwCyFL+3nt2bEw05wfxSz+DWpWsitgmSgYmy2dQdWyKC1694ELPqMs/YzUSNozLt8A==
  dependencies:
    whatwg-url "^5.0.0"

regenerator-runtime@^0.14.0:
  version "0.14.0"
  resolved "https://registry.yarnpkg.com/regenerator-runtime/-/regenerator-runtime-0.14.0.tgz#5e19d68eb12d486f797e15a3c6a918f7cec5eb45"
  integrity sha512-srw17NI0TUWHuGa5CFGGmhfNIeja30WMBfbslPNhf6JrqQlLN5gcrvig1oqPxiVaXb0oW0XRKtH6Nngs5lKCIA==

tr46@~0.0.3:
  version "0.0.3"
  resolved "https://registry.yarnpkg.com/tr46/-/tr46-0.0.3.tgz#8184fd347dac9cdc185992f3a6622e14b9d9ab6a"
  integrity sha512-N3WMsuqV66lT30CrXNbEjx4GEwlow3v6rr4mCcv6prnfwhS01rkgyFdjPNBYd9br7LpXV1+Emh01fHnq2Gdgrw==

webidl-conversions@^3.0.0:
  version "3.0.1"
  resolved "https://registry.yarnpkg.com/webidl-conversions/-/webidl-conversions-3.0.1.tgz#24534275e2a7bc6be7bc86611cc16ae0a5654871"
  integrity sha512-2JAn3z8AR6rjK8Sm8orRC0h/bcl/DqL7tRPdGZ4I1CjdF+EaMLmYxBHyXuKL849eucPFhvBoxMsflfOb8kxaeQ==

whatwg-url@^5.0.0:
  version "5.0.0"
  resolved "https://registry.yarnpkg.com/whatwg-url/-/whatwg-url-5.0.0.tgz#966454e8765462e37644d3626f6742ce8b70965d"
  integrity sha512-saE57nupxk6v3HY35+jzBwYa0rKSy0XR8JSxZPwgLr7ys0IBzhGviA1/TUGJLmSVqs8pb9AnvICXEuOHLprYTw==
  dependencies:
    tr46 "~0.0.3"
    webidl-conversions "^3.0.0"
